{
  "name": "prospect-ai",
  "version": "0.3.0",
  "lockfileVersion": 3,
  "requires": true,
  "packages": {
    "": {
      "name": "prospect-ai",
      "version": "0.3.0",
      "dependencies": {
        "@countrystatecity/countries": "1.0.9"
      },
      "engines": {
        "node": ">=22"
      }
    },
    "node_modules/@countrystatecity/countries": {
      "version": "1.0.9",
      "resolved": "https://registry.npmjs.org/@countrystatecity/countries/-/countries-1.0.9.tgz",
      "integrity": "sha512-CnrvnMJS4lLZGFpEp+NuDN73DkDm7CkVE7wtTgntDNt3RQrQKgfs80VWDEIUmQpNSazlR7ipg4Qjc/xVAxFOVw==",
      "license": "ODbL-1.0"
    }
  }
}
